
Microsoft Visual Studio Solution File, Format Version 12.00
# Visual Studio Version 17
VisualStudioVersion = 17.0.31919.166
MinimumVisualStudioVersion = 10.0.40219.1
Project("{FAE04EC0-301F-11D3-BF4B-00C04F79EFBC}") = "WindowsFormsApp1", "WindowsFormsApp1\WindowsFormsApp1.csproj", "{C1BF2F69-353E-41BA-9246-7CC85BD77A7F}"
EndProject
Global
	GlobalSection(SolutionConfigurationPlatforms) = preSolution
		Debug|Any CPU = Debug|Any CPU
		Release|Any CPU = Release|Any CPU
	EndGlobalSection
	GlobalSection(ProjectConfigurationPlatforms) = postSolution
		{C1BF2F69-353E-41BA-9246-7CC85BD77A7F}.Debug|Any CPU.ActiveCfg = Debug|Any CPU
		{C1BF2F69-353E-41BA-9246-7CC85BD77A7F}.Debug|Any CPU.Build.0 = Debug|Any CPU
		{C1BF2F69-353E-41BA-9246-7CC85BD77A7F}.Release|Any CPU.ActiveCfg = Release|Any CPU
		{C1BF2F69-353E-41BA-9246-7CC85BD77A7F}.Release|Any CPU.Build.0 = Release|Any CPU
	EndGlobalSection
	GlobalSection(SolutionProperties) = preSolution
		HideSolutionNode = FALSE
	EndGlobalSection
	GlobalSection(ExtensibilityGlobals) = postSolution
		SolutionGuid = {38377F9B-1445-4A91-A1B9-8B3E48C84C3F}
	EndGlobalSection
EndGlobal
